// !$*UTF8*$!
{
	archiveVersion = 1;
	classes = {
	};
	objectVersion = 50;
	objects = {

/* Begin PBXBuildFile section */
		51D416C44589BF319AE8622A /* libPods-MunchMapsUITests.a in Frameworks */ = {isa = PBXBuildFile; fileRef = A06203D4E0F90CA1AEC54DCF /* libPods-MunchMapsUITests.a */; };
		A0594F6AFAD22C03E549C805 /* libPods-MunchMaps.a in Frameworks */ = {isa = PBXBuildFile; fileRef = CD8BD9212CF41AEE78B2011E /* libPods-MunchMaps.a */; };
		E91643D42249C3980093B5CF /* SavedTable.swift in Sources */ = {isa = PBXBuildFile; fileRef = E91643D32249C3980093B5CF /* SavedTable.swift */; };
		E91643D62249C8370093B5CF /* saved_future.swift in Sources */ = {isa = PBXBuildFile; fileRef = E91643D52249C8370093B5CF /* saved_future.swift */; };
		E93FD8C6225667EE00CAFC56 /* quickadd.swift in Sources */ = {isa = PBXBuildFile; fileRef = E93FD8C5225667EE00CAFC56 /* quickadd.swift */; };
		E953D385225D8DEA00AFDA28 /* FilterTab.swift in Sources */ = {isa = PBXBuildFile; fileRef = E953D384225D8DEA00AFDA28 /* FilterTab.swift */; };
		E95A22912238067300EC8354 /* URLbuilder.swift in Sources */ = {isa = PBXBuildFile; fileRef = E95A22902238067300EC8354 /* URLbuilder.swift */; };
		E95A229722388D7100EC8354 /* TableClass.swift in Sources */ = {isa = PBXBuildFile; fileRef = E95A229622388D7100EC8354 /* TableClass.swift */; };
		E95A802B2243E800004D0FBE /* RestaurantPage.swift in Sources */ = {isa = PBXBuildFile; fileRef = E95A802A2243E800004D0FBE /* RestaurantPage.swift */; };
		E95B801F225998E600BE1D7E /* randomRestaurant.swift in Sources */ = {isa = PBXBuildFile; fileRef = E95B801E225998E600BE1D7E /* randomRestaurant.swift */; };
		E96067CE22760E5B000A4B3A /* filterTabLibrary.swift in Sources */ = {isa = PBXBuildFile; fileRef = E96067CD22760E5B000A4B3A /* filterTabLibrary.swift */; };
		E96B4803226586B60034C42C /* FutureTable.swift in Sources */ = {isa = PBXBuildFile; fileRef = E96B4802226586B60034C42C /* FutureTable.swift */; };
		E98842B62235B51E00A1B90E /* MapKit.framework in Frameworks */ = {isa = PBXBuildFile; fileRef = E98842B52235B51D00A1B90E /* MapKit.framework */; };
		E98842B82235B52600A1B90E /* CoreLocation.framework in Frameworks */ = {isa = PBXBuildFile; fileRef = E98842B72235B52600A1B90E /* CoreLocation.framework */; };
		E99EEB7722624B0A00AF92E3 /* FilterCellTableViewCell.swift in Sources */ = {isa = PBXBuildFile; fileRef = E99EEB7622624B0A00AF92E3 /* FilterCellTableViewCell.swift */; };
		E9E8D2CD222EE69E00B8979B /* AppDelegate.swift in Sources */ = {isa = PBXBuildFile; fileRef = E9E8D2CC222EE69E00B8979B /* AppDelegate.swift */; };
		E9E8D2CF222EE69E00B8979B /* ViewController.swift in Sources */ = {isa = PBXBuildFile; fileRef = E9E8D2CE222EE69E00B8979B /* ViewController.swift */; };
		E9E8D2D2222EE69E00B8979B /* Main.storyboard in Resources */ = {isa = PBXBuildFile; fileRef = E9E8D2D0222EE69E00B8979B /* Main.storyboard */; };
		E9E8D2D4222EE6A100B8979B /* Assets.xcassets in Resources */ = {isa = PBXBuildFile; fileRef = E9E8D2D3222EE6A100B8979B /* Assets.xcassets */; };
		E9E8D2D7222EE6A100B8979B /* LaunchScreen.storyboard in Resources */ = {isa = PBXBuildFile; fileRef = E9E8D2D5222EE6A100B8979B /* LaunchScreen.storyboard */; };
		E9E8D2E2222EE6A100B8979B /* MunchMapsTests.swift in Sources */ = {isa = PBXBuildFile; fileRef = E9E8D2E1222EE6A100B8979B /* MunchMapsTests.swift */; };
		E9E8D2ED222EE6A100B8979B /* MunchMapsUITests.swift in Sources */ = {isa = PBXBuildFile; fileRef = E9E8D2EC222EE6A100B8979B /* MunchMapsUITests.swift */; };
		E9F0AD452263C65F003BA970 /* DropDownList.swift in Sources */ = {isa = PBXBuildFile; fileRef = E9F0AD442263C65F003BA970 /* DropDownList.swift */; };
		E9F4462F225A6480001F6979 /* location_or_city.swift in Sources */ = {isa = PBXBuildFile; fileRef = E9F4462E225A6480001F6979 /* location_or_city.swift */; };
		E9F44631225A6D5B001F6979 /* CityTableCell.swift in Sources */ = {isa = PBXBuildFile; fileRef = E9F44630225A6D5B001F6979 /* CityTableCell.swift */; };
		E9F44639225BB0DA001F6979 /* CitySearch.swift in Sources */ = {isa = PBXBuildFile; fileRef = E9F44638225BB0DA001F6979 /* CitySearch.swift */; };
/* End PBXBuildFile section */

/* Begin PBXContainerItemProxy section */
		E9E8D2DE222EE6A100B8979B /* PBXContainerItemProxy */ = {
			isa = PBXContainerItemProxy;
			containerPortal = E9E8D2C1222EE69E00B8979B /* Project object */;
			proxyType = 1;
			remoteGlobalIDString = E9E8D2C8222EE69E00B8979B;
			remoteInfo = MunchMaps;
		};
		E9E8D2E9222EE6A100B8979B /* PBXContainerItemProxy */ = {
			isa = PBXContainerItemProxy;
			containerPortal = E9E8D2C1222EE69E00B8979B /* Project object */;
			proxyType = 1;
			remoteGlobalIDString = E9E8D2C8222EE69E00B8979B;
			remoteInfo = MunchMaps;
		};
/* End PBXContainerItemProxy section */

/* Begin PBXFileReference section */
		3A3C6D345A905AA92925FE30 /* Pods-MunchMaps.debug.xcconfig */ = {isa = PBXFileReference; includeInIndex = 1; lastKnownFileType = text.xcconfig; name = "Pods-MunchMaps.debug.xcconfig"; path = "Target Support Files/Pods-MunchMaps/Pods-MunchMaps.debug.xcconfig"; sourceTree = "<group>"; };
		77D9F285F23139747C0FE0CB /* Pods-MunchMapsUITests.release.xcconfig */ = {isa = PBXFileReference; includeInIndex = 1; lastKnownFileType = text.xcconfig; name = "Pods-MunchMapsUITests.release.xcconfig"; path = "Target Support Files/Pods-MunchMapsUITests/Pods-MunchMapsUITests.release.xcconfig"; sourceTree = "<group>"; };
		9C12B3B1E3900C7835E173C9 /* Pods-MunchMaps.release.xcconfig */ = {isa = PBXFileReference; includeInIndex = 1; lastKnownFileType = text.xcconfig; name = "Pods-MunchMaps.release.xcconfig"; path = "Target Support Files/Pods-MunchMaps/Pods-MunchMaps.release.xcconfig"; sourceTree = "<group>"; };
		A06203D4E0F90CA1AEC54DCF /* libPods-MunchMapsUITests.a */ = {isa = PBXFileReference; explicitFileType = archive.ar; includeInIndex = 0; path = "libPods-MunchMapsUITests.a"; sourceTree = BUILT_PRODUCTS_DIR; };
		AA833DBAEDE531B88F54533D /* Pods-MunchMapsUITests.debug.xcconfig */ = {isa = PBXFileReference; includeInIndex = 1; lastKnownFileType = text.xcconfig; name = "Pods-MunchMapsUITests.debug.xcconfig"; path = "Target Support Files/Pods-MunchMapsUITests/Pods-MunchMapsUITests.debug.xcconfig"; sourceTree = "<group>"; };
		CD8BD9212CF41AEE78B2011E /* libPods-MunchMaps.a */ = {isa = PBXFileReference; explicitFileType = archive.ar; includeInIndex = 0; path = "libPods-MunchMaps.a"; sourceTree = BUILT_PRODUCTS_DIR; };
		E91643D32249C3980093B5CF /* SavedTable.swift */ = {isa = PBXFileReference; lastKnownFileType = sourcecode.swift; path = SavedTable.swift; sourceTree = "<group>"; };
		E91643D52249C8370093B5CF /* saved_future.swift */ = {isa = PBXFileReference; lastKnownFileType = sourcecode.swift; path = saved_future.swift; sourceTree = "<group>"; };
		E93FD8C5225667EE00CAFC56 /* quickadd.swift */ = {isa = PBXFileReference; lastKnownFileType = sourcecode.swift; path = quickadd.swift; sourceTree = "<group>"; };
		E953D384225D8DEA00AFDA28 /* FilterTab.swift */ = {isa = PBXFileReference; lastKnownFileType = sourcecode.swift; path = FilterTab.swift; sourceTree = "<group>"; };
		E95A22902238067300EC8354 /* URLbuilder.swift */ = {isa = PBXFileReference; lastKnownFileType = sourcecode.swift; path = URLbuilder.swift; sourceTree = "<group>"; };
		E95A229622388D7100EC8354 /* TableClass.swift */ = {isa = PBXFileReference; lastKnownFileType = sourcecode.swift; path = TableClass.swift; sourceTree = "<group>"; };
		E95A802A2243E800004D0FBE /* RestaurantPage.swift */ = {isa = PBXFileReference; lastKnownFileType = sourcecode.swift; path = RestaurantPage.swift; sourceTree = "<group>"; };
		E95B801E225998E600BE1D7E /* randomRestaurant.swift */ = {isa = PBXFileReference; lastKnownFileType = sourcecode.swift; path = randomRestaurant.swift; sourceTree = "<group>"; };
		E96067CD22760E5B000A4B3A /* filterTabLibrary.swift */ = {isa = PBXFileReference; lastKnownFileType = sourcecode.swift; path = filterTabLibrary.swift; sourceTree = "<group>"; };
		E96B4802226586B60034C42C /* FutureTable.swift */ = {isa = PBXFileReference; lastKnownFileType = sourcecode.swift; path = FutureTable.swift; sourceTree = "<group>"; };
		E98842B52235B51D00A1B90E /* MapKit.framework */ = {isa = PBXFileReference; lastKnownFileType = wrapper.framework; name = MapKit.framework; path = System/Library/Frameworks/MapKit.framework; sourceTree = SDKROOT; };
		E98842B72235B52600A1B90E /* CoreLocation.framework */ = {isa = PBXFileReference; lastKnownFileType = wrapper.framework; name = CoreLocation.framework; path = System/Library/Frameworks/CoreLocation.framework; sourceTree = SDKROOT; };
		E99EEB7622624B0A00AF92E3 /* FilterCellTableViewCell.swift */ = {isa = PBXFileReference; lastKnownFileType = sourcecode.swift; path = FilterCellTableViewCell.swift; sourceTree = "<group>"; };
		E9E8D2C9222EE69E00B8979B /* MunchMaps.app */ = {isa = PBXFileReference; explicitFileType = wrapper.application; includeInIndex = 0; path = MunchMaps.app; sourceTree = BUILT_PRODUCTS_DIR; };
		E9E8D2CC222EE69E00B8979B /* AppDelegate.swift */ = {isa = PBXFileReference; lastKnownFileType = sourcecode.swift; path = AppDelegate.swift; sourceTree = "<group>"; };
		E9E8D2CE222EE69E00B8979B /* ViewController.swift */ = {isa = PBXFileReference; lastKnownFileType = sourcecode.swift; path = ViewController.swift; sourceTree = "<group>"; };
		E9E8D2D1222EE69E00B8979B /* Base */ = {isa = PBXFileReference; lastKnownFileType = file.storyboard; name = Base; path = Base.lproj/Main.storyboard; sourceTree = "<group>"; };
		E9E8D2D3222EE6A100B8979B /* Assets.xcassets */ = {isa = PBXFileReference; lastKnownFileType = folder.assetcatalog; path = Assets.xcassets; sourceTree = "<group>"; };
		E9E8D2D6222EE6A100B8979B /* Base */ = {isa = PBXFileReference; lastKnownFileType = file.storyboard; name = Base; path = Base.lproj/LaunchScreen.storyboard; sourceTree = "<group>"; };
		E9E8D2D8222EE6A100B8979B /* Info.plist */ = {isa = PBXFileReference; lastKnownFileType = text.plist.xml; path = Info.plist; sourceTree = "<group>"; };
		E9E8D2DD222EE6A100B8979B /* MunchMapsTests.xctest */ = {isa = PBXFileReference; explicitFileType = wrapper.cfbundle; includeInIndex = 0; path = MunchMapsTests.xctest; sourceTree = BUILT_PRODUCTS_DIR; };
		E9E8D2E1222EE6A100B8979B /* MunchMapsTests.swift */ = {isa = PBXFileReference; lastKnownFileType = sourcecode.swift; path = MunchMapsTests.swift; sourceTree = "<group>"; };
		E9E8D2E3222EE6A100B8979B /* Info.plist */ = {isa = PBXFileReference; lastKnownFileType = text.plist.xml; path = Info.plist; sourceTree = "<group>"; };
		E9E8D2E8222EE6A100B8979B /* MunchMapsUITests.xctest */ = {isa = PBXFileReference; explicitFileType = wrapper.cfbundle; includeInIndex = 0; path = MunchMapsUITests.xctest; sourceTree = BUILT_PRODUCTS_DIR; };
		E9E8D2EC222EE6A100B8979B /* MunchMapsUITests.swift */ = {isa = PBXFileReference; lastKnownFileType = sourcecode.swift; path = MunchMapsUITests.swift; sourceTree = "<group>"; };
		E9E8D2EE222EE6A100B8979B /* Info.plist */ = {isa = PBXFileReference; lastKnownFileType = text.plist.xml; path = Info.plist; sourceTree = "<group>"; };
		E9F0AD442263C65F003BA970 /* DropDownList.swift */ = {isa = PBXFileReference; lastKnownFileType = sourcecode.swift; path = DropDownList.swift; sourceTree = "<group>"; };
		E9F4462E225A6480001F6979 /* location_or_city.swift */ = {isa = PBXFileReference; lastKnownFileType = sourcecode.swift; path = location_or_city.swift; sourceTree = "<group>"; };
		E9F44630225A6D5B001F6979 /* CityTableCell.swift */ = {isa = PBXFileReference; lastKnownFileType = sourcecode.swift; path = CityTableCell.swift; sourceTree = "<group>"; };
		E9F44638225BB0DA001F6979 /* CitySearch.swift */ = {isa = PBXFileReference; lastKnownFileType = sourcecode.swift; path = CitySearch.swift; sourceTree = "<group>"; };
/* End PBXFileReference section */

/* Begin PBXFrameworksBuildPhase section */
		E9E8D2C6222EE69E00B8979B /* Frameworks */ = {
			isa = PBXFrameworksBuildPhase;
			buildActionMask = 2147483647;
			files = (
				E98842B82235B52600A1B90E /* CoreLocation.framework in Frameworks */,
				E98842B62235B51E00A1B90E /* MapKit.framework in Frameworks */,
				A0594F6AFAD22C03E549C805 /* libPods-MunchMaps.a in Frameworks */,
			);
			runOnlyForDeploymentPostprocessing = 0;
		};
		E9E8D2DA222EE6A100B8979B /* Frameworks */ = {
			isa = PBXFrameworksBuildPhase;
			buildActionMask = 2147483647;
			files = (
			);
			runOnlyForDeploymentPostprocessing = 0;
		};
		E9E8D2E5222EE6A100B8979B /* Frameworks */ = {
			isa = PBXFrameworksBuildPhase;
			buildActionMask = 2147483647;
			files = (
				51D416C44589BF319AE8622A /* libPods-MunchMapsUITests.a in Frameworks */,
			);
			runOnlyForDeploymentPostprocessing = 0;
		};
/* End PBXFrameworksBuildPhase section */

/* Begin PBXGroup section */
		65588F3B7C3B9869A3A7A96D /* Pods */ = {
			isa = PBXGroup;
			children = (
				AA833DBAEDE531B88F54533D /* Pods-MunchMapsUITests.debug.xcconfig */,
				77D9F285F23139747C0FE0CB /* Pods-MunchMapsUITests.release.xcconfig */,
				3A3C6D345A905AA92925FE30 /* Pods-MunchMaps.debug.xcconfig */,
				9C12B3B1E3900C7835E173C9 /* Pods-MunchMaps.release.xcconfig */,
			);
			path = Pods;
			sourceTree = "<group>";
		};
		83D7D397458B4EBA0C1E1809 /* Frameworks */ = {
			isa = PBXGroup;
			children = (
				E98842B72235B52600A1B90E /* CoreLocation.framework */,
				E98842B52235B51D00A1B90E /* MapKit.framework */,
				A06203D4E0F90CA1AEC54DCF /* libPods-MunchMapsUITests.a */,
				CD8BD9212CF41AEE78B2011E /* libPods-MunchMaps.a */,
			);
			name = Frameworks;
			sourceTree = "<group>";
		};
		E96B47FC226585660034C42C /* SearchFiles */ = {
			isa = PBXGroup;
			children = (
				E9F4462E225A6480001F6979 /* location_or_city.swift */,
				E9E8D2CE222EE69E00B8979B /* ViewController.swift */,
				E9F44638225BB0DA001F6979 /* CitySearch.swift */,
				E95A22902238067300EC8354 /* URLbuilder.swift */,
				E9F44630225A6D5B001F6979 /* CityTableCell.swift */,
			);
			path = SearchFiles;
			sourceTree = "<group>";
		};
		E96B47FE226585C90034C42C /* Library */ = {
			isa = PBXGroup;
			children = (
				E91643D52249C8370093B5CF /* saved_future.swift */,
				E91643D32249C3980093B5CF /* SavedTable.swift */,
				E96B4802226586B60034C42C /* FutureTable.swift */,
				E96067CD22760E5B000A4B3A /* filterTabLibrary.swift */,
			);
			path = Library;
			sourceTree = "<group>";
		};
		E96B4801226586190034C42C /* Filter */ = {
			isa = PBXGroup;
			children = (
				E953D384225D8DEA00AFDA28 /* FilterTab.swift */,
				E99EEB7622624B0A00AF92E3 /* FilterCellTableViewCell.swift */,
			);
			path = Filter;
			sourceTree = "<group>";
		};
		E9E8D2C0222EE69E00B8979B = {
			isa = PBXGroup;
			children = (
				E9E8D2CB222EE69E00B8979B /* MunchMaps */,
				E9E8D2E0222EE6A100B8979B /* MunchMapsTests */,
				E9E8D2EB222EE6A100B8979B /* MunchMapsUITests */,
				E9E8D2CA222EE69E00B8979B /* Products */,
				65588F3B7C3B9869A3A7A96D /* Pods */,
				83D7D397458B4EBA0C1E1809 /* Frameworks */,
			);
			sourceTree = "<group>";
		};
		E9E8D2CA222EE69E00B8979B /* Products */ = {
			isa = PBXGroup;
			children = (
				E9E8D2C9222EE69E00B8979B /* MunchMaps.app */,
				E9E8D2DD222EE6A100B8979B /* MunchMapsTests.xctest */,
				E9E8D2E8222EE6A100B8979B /* MunchMapsUITests.xctest */,
			);
			name = Products;
			sourceTree = "<group>";
		};
		E9E8D2CB222EE69E00B8979B /* MunchMaps */ = {
			isa = PBXGroup;
			children = (
				E96B47FC226585660034C42C /* SearchFiles */,
				E96B4801226586190034C42C /* Filter */,
				E95A802A2243E800004D0FBE /* RestaurantPage.swift */,
				E95A229622388D7100EC8354 /* TableClass.swift */,
				E9E8D2D0222EE69E00B8979B /* Main.storyboard */,
				E9F0AD442263C65F003BA970 /* DropDownList.swift */,
				E96B47FE226585C90034C42C /* Library */,
				E93FD8C5225667EE00CAFC56 /* quickadd.swift */,
				E95B801E225998E600BE1D7E /* randomRestaurant.swift */,
				E9E8D2D5222EE6A100B8979B /* LaunchScreen.storyboard */,
				E9E8D2D8222EE6A100B8979B /* Info.plist */,
				E9E8D2CC222EE69E00B8979B /* AppDelegate.swift */,
				E9E8D2D3222EE6A100B8979B /* Assets.xcassets */,
			);
			path = MunchMaps;
			sourceTree = "<group>";
		};
		E9E8D2E0222EE6A100B8979B /* MunchMapsTests */ = {
			isa = PBXGroup;
			children = (
				E9E8D2E1222EE6A100B8979B /* MunchMapsTests.swift */,
				E9E8D2E3222EE6A100B8979B /* Info.plist */,
			);
			path = MunchMapsTests;
			sourceTree = "<group>";
		};
		E9E8D2EB222EE6A100B8979B /* MunchMapsUITests */ = {
			isa = PBXGroup;
			children = (
				E9E8D2EC222EE6A100B8979B /* MunchMapsUITests.swift */,
				E9E8D2EE222EE6A100B8979B /* Info.plist */,
			);
			path = MunchMapsUITests;
			sourceTree = "<group>";
		};
/* End PBXGroup section */

/* Begin PBXNativeTarget section */
		E9E8D2C8222EE69E00B8979B /* MunchMaps */ = {
			isa = PBXNativeTarget;
			buildConfigurationList = E9E8D2F1222EE6A100B8979B /* Build configuration list for PBXNativeTarget "MunchMaps" */;
			buildPhases = (
				1C42867176B0863C290DFD37 /* [CP] Check Pods Manifest.lock */,
				E9E8D2C5222EE69E00B8979B /* Sources */,
				E9E8D2C6222EE69E00B8979B /* Frameworks */,
				E9E8D2C7222EE69E00B8979B /* Resources */,
			);
			buildRules = (
			);
			dependencies = (
			);
			name = MunchMaps;
			productName = MunchMaps;
			productReference = E9E8D2C9222EE69E00B8979B /* MunchMaps.app */;
			productType = "com.apple.product-type.application";
		};
		E9E8D2DC222EE6A100B8979B /* MunchMapsTests */ = {
			isa = PBXNativeTarget;
			buildConfigurationList = E9E8D2F4222EE6A100B8979B /* Build configuration list for PBXNativeTarget "MunchMapsTests" */;
			buildPhases = (
				E9E8D2D9222EE6A100B8979B /* Sources */,
				E9E8D2DA222EE6A100B8979B /* Frameworks */,
				E9E8D2DB222EE6A100B8979B /* Resources */,
			);
			buildRules = (
			);
			dependencies = (
				E9E8D2DF222EE6A100B8979B /* PBXTargetDependency */,
			);
			name = MunchMapsTests;
			productName = MunchMapsTests;
			productReference = E9E8D2DD222EE6A100B8979B /* MunchMapsTests.xctest */;
			productType = "com.apple.product-type.bundle.unit-test";
		};
		E9E8D2E7222EE6A100B8979B /* MunchMapsUITests */ = {
			isa = PBXNativeTarget;
			buildConfigurationList = E9E8D2F7222EE6A100B8979B /* Build configuration list for PBXNativeTarget "MunchMapsUITests" */;
			buildPhases = (
				7256DAB46F25780932C3CFF9 /* [CP] Check Pods Manifest.lock */,
				E9E8D2E4222EE6A100B8979B /* Sources */,
				E9E8D2E5222EE6A100B8979B /* Frameworks */,
				E9E8D2E6222EE6A100B8979B /* Resources */,
			);
			buildRules = (
			);
			dependencies = (
				E9E8D2EA222EE6A100B8979B /* PBXTargetDependency */,
			);
			name = MunchMapsUITests;
			productName = MunchMapsUITests;
			productReference = E9E8D2E8222EE6A100B8979B /* MunchMapsUITests.xctest */;
			productType = "com.apple.product-type.bundle.ui-testing";
		};
/* End PBXNativeTarget section */

/* Begin PBXProject section */
		E9E8D2C1222EE69E00B8979B /* Project object */ = {
			isa = PBXProject;
			attributes = {
				LastSwiftUpdateCheck = 0940;
				LastUpgradeCheck = 0940;
				ORGANIZATIONNAME = "Varun Narayanswamy LPC";
				TargetAttributes = {
					E9E8D2C8222EE69E00B8979B = {
						CreatedOnToolsVersion = 9.4.1;
						LastSwiftMigration = 1010;
					};
					E9E8D2DC222EE6A100B8979B = {
						CreatedOnToolsVersion = 9.4.1;
						LastSwiftMigration = 1010;
						TestTargetID = E9E8D2C8222EE69E00B8979B;
					};
					E9E8D2E7222EE6A100B8979B = {
						CreatedOnToolsVersion = 9.4.1;
						LastSwiftMigration = 1010;
						TestTargetID = E9E8D2C8222EE69E00B8979B;
					};
				};
			};
			buildConfigurationList = E9E8D2C4222EE69E00B8979B /* Build configuration list for PBXProject "MunchMaps" */;
			compatibilityVersion = "Xcode 9.3";
			developmentRegion = en;
			hasScannedForEncodings = 0;
			knownRegions = (
				en,
				Base,
			);
			mainGroup = E9E8D2C0222EE69E00B8979B;
			productRefGroup = E9E8D2CA222EE69E00B8979B /* Products */;
			projectDirPath = "";
			projectRoot = "";
			targets = (
				E9E8D2C8222EE69E00B8979B /* MunchMaps */,
				E9E8D2DC222EE6A100B8979B /* MunchMapsTests */,
				E9E8D2E7222EE6A100B8979B /* MunchMapsUITests */,
			);
		};
/* End PBXProject section */

/* Begin PBXResourcesBuildPhase section */
		E9E8D2C7222EE69E00B8979B /* Resources */ = {
			isa = PBXResourcesBuildPhase;
			buildActionMask = 2147483647;
			files = (
				E9E8D2D7222EE6A100B8979B /* LaunchScreen.storyboard in Resources */,
				E9E8D2D4222EE6A100B8979B /* Assets.xcassets in Resources */,
				E9E8D2D2222EE69E00B8979B /* Main.storyboard in Resources */,
			);
			runOnlyForDeploymentPostprocessing = 0;
		};
		E9E8D2DB222EE6A100B8979B /* Resources */ = {
			isa = PBXResourcesBuildPhase;
			buildActionMask = 2147483647;
			files = (
			);
			runOnlyForDeploymentPostprocessing = 0;
		};
		E9E8D2E6222EE6A100B8979B /* Resources */ = {
			isa = PBXResourcesBuildPhase;
			buildActionMask = 2147483647;
			files = (
			);
			runOnlyForDeploymentPostprocessing = 0;
		};
/* End PBXResourcesBuildPhase section */

/* Begin PBXShellScriptBuildPhase section */
		1C42867176B0863C290DFD37 /* [CP] Check Pods Manifest.lock */ = {
			isa = PBXShellScriptBuildPhase;
			buildActionMask = 2147483647;
			files = (
			);
			inputFileListPaths = (
			);
			inputPaths = (
				"${PODS_PODFILE_DIR_PATH}/Podfile.lock",
				"${PODS_ROOT}/Manifest.lock",
			);
			name = "[CP] Check Pods Manifest.lock";
			outputFileListPaths = (
			);
			outputPaths = (
				"$(DERIVED_FILE_DIR)/Pods-MunchMaps-checkManifestLockResult.txt",
			);
			runOnlyForDeploymentPostprocessing = 0;
			shellPath = /bin/sh;
			shellScript = "diff \"${PODS_PODFILE_DIR_PATH}/Podfile.lock\" \"${PODS_ROOT}/Manifest.lock\" > /dev/null\nif [ $? != 0 ] ; then\n    # print error to STDERR\n    echo \"error: The sandbox is not in sync with the Podfile.lock. Run 'pod install' or update your CocoaPods installation.\" >&2\n    exit 1\nfi\n# This output is used by Xcode 'outputs' to avoid re-running this script phase.\necho \"SUCCESS\" > \"${SCRIPT_OUTPUT_FILE_0}\"\n";
			showEnvVarsInLog = 0;
		};
		7256DAB46F25780932C3CFF9 /* [CP] Check Pods Manifest.lock */ = {
			isa = PBXShellScriptBuildPhase;
			buildActionMask = 2147483647;
			files = (
			);
			inputFileListPaths = (
			);
			inputPaths = (
				"${PODS_PODFILE_DIR_PATH}/Podfile.lock",
				"${PODS_ROOT}/Manifest.lock",
			);
			name = "[CP] Check Pods Manifest.lock";
			outputFileListPaths = (
			);
			outputPaths = (
				"$(DERIVED_FILE_DIR)/Pods-MunchMapsUITests-checkManifestLockResult.txt",
			);
			runOnlyForDeploymentPostprocessing = 0;
			shellPath = /bin/sh;
			shellScript = "diff \"${PODS_PODFILE_DIR_PATH}/Podfile.lock\" \"${PODS_ROOT}/Manifest.lock\" > /dev/null\nif [ $? != 0 ] ; then\n    # print error to STDERR\n    echo \"error: The sandbox is not in sync with the Podfile.lock. Run 'pod install' or update your CocoaPods installation.\" >&2\n    exit 1\nfi\n# This output is used by Xcode 'outputs' to avoid re-running this script phase.\necho \"SUCCESS\" > \"${SCRIPT_OUTPUT_FILE_0}\"\n";
			showEnvVarsInLog = 0;
		};
/* End PBXShellScriptBuildPhase section */

/* Begin PBXSourcesBuildPhase section */
		E9E8D2C5222EE69E00B8979B /* Sources */ = {
			isa = PBXSourcesBuildPhase;
			buildActionMask = 2147483647;
			files = (
				E95A22912238067300EC8354 /* URLbuilder.swift in Sources */,
				E95A229722388D7100EC8354 /* TableClass.swift in Sources */,
				E91643D42249C3980093B5CF /* SavedTable.swift in Sources */,
				E9E8D2CF222EE69E00B8979B /* ViewController.swift in Sources */,
				E9F4462F225A6480001F6979 /* location_or_city.swift in Sources */,
				E99EEB7722624B0A00AF92E3 /* FilterCellTableViewCell.swift in Sources */,
				E953D385225D8DEA00AFDA28 /* FilterTab.swift in Sources */,
				E9F44631225A6D5B001F6979 /* CityTableCell.swift in Sources */,
				E96067CE22760E5B000A4B3A /* filterTabLibrary.swift in Sources */,
				E9F44639225BB0DA001F6979 /* CitySearch.swift in Sources */,
				E95A802B2243E800004D0FBE /* RestaurantPage.swift in Sources */,
				E91643D62249C8370093B5CF /* saved_future.swift in Sources */,
				E9E8D2CD222EE69E00B8979B /* AppDelegate.swift in Sources */,
				E93FD8C6225667EE00CAFC56 /* quickadd.swift in Sources */,
				E95B801F225998E600BE1D7E /* randomRestaurant.swift in Sources */,
				E9F0AD452263C65F003BA970 /* DropDownList.swift in Sources */,
				E96B4803226586B60034C42C /* FutureTable.swift in Sources */,
			);
			runOnlyForDeploymentPostprocessing = 0;
		};
		E9E8D2D9222EE6A100B8979B /* Sources */ = {
			isa = PBXSourcesBuildPhase;
			buildActionMask = 2147483647;
			files = (
				E9E8D2E2222EE6A100B8979B /* MunchMapsTests.swift in Sources */,
			);
			runOnlyForDeploymentPostprocessing = 0;
		};
		E9E8D2E4222EE6A100B8979B /* Sources */ = {
			isa = PBXSourcesBuildPhase;
			buildActionMask = 2147483647;
			files = (
				E9E8D2ED222EE6A100B8979B /* MunchMapsUITests.swift in Sources */,
			);
			runOnlyForDeploymentPostprocessing = 0;
		};
/* End PBXSourcesBuildPhase section */

/* Begin PBXTargetDependency section */
		E9E8D2DF222EE6A100B8979B /* PBXTargetDependency */ = {
			isa = PBXTargetDependency;
			target = E9E8D2C8222EE69E00B8979B /* MunchMaps */;
			targetProxy = E9E8D2DE222EE6A100B8979B /* PBXContainerItemProxy */;
		};
		E9E8D2EA222EE6A100B8979B /* PBXTargetDependency */ = {
			isa = PBXTargetDependency;
			target = E9E8D2C8222EE69E00B8979B /* MunchMaps */;
			targetProxy = E9E8D2E9222EE6A100B8979B /* PBXContainerItemProxy */;
		};
/* End PBXTargetDependency section */

/* Begin PBXVariantGroup section */
		E9E8D2D0222EE69E00B8979B /* Main.storyboard */ = {
			isa = PBXVariantGroup;
			children = (
				E9E8D2D1222EE69E00B8979B /* Base */,
			);
			name = Main.storyboard;
			sourceTree = "<group>";
		};
		E9E8D2D5222EE6A100B8979B /* LaunchScreen.storyboard */ = {
			isa = PBXVariantGroup;
			children = (
				E9E8D2D6222EE6A100B8979B /* Base */,
			);
			name = LaunchScreen.storyboard;
			sourceTree = "<group>";
		};
/* End PBXVariantGroup section */

/* Begin XCBuildConfiguration section */
		E9E8D2EF222EE6A100B8979B /* Debug */ = {
			isa = XCBuildConfiguration;
			buildSettings = {
				ALWAYS_SEARCH_USER_PATHS = NO;
				CLANG_ANALYZER_NONNULL = YES;
				CLANG_ANALYZER_NUMBER_OBJECT_CONVERSION = YES_AGGRESSIVE;
				CLANG_CXX_LANGUAGE_STANDARD = "gnu++14";
				CLANG_CXX_LIBRARY = "libc++";
				CLANG_ENABLE_MODULES = YES;
				CLANG_ENABLE_OBJC_ARC = YES;
				CLANG_ENABLE_OBJC_WEAK = YES;
				CLANG_WARN_BLOCK_CAPTURE_AUTORELEASING = YES;
				CLANG_WARN_BOOL_CONVERSION = YES;
				CLANG_WARN_COMMA = YES;
				CLANG_WARN_CONSTANT_CONVERSION = YES;
				CLANG_WARN_DEPRECATED_OBJC_IMPLEMENTATIONS = YES;
				CLANG_WARN_DIRECT_OBJC_ISA_USAGE = YES_ERROR;
				CLANG_WARN_DOCUMENTATION_COMMENTS = YES;
				CLANG_WARN_EMPTY_BODY = YES;
				CLANG_WARN_ENUM_CONVERSION = YES;
				CLANG_WARN_INFINITE_RECURSION = YES;
				CLANG_WARN_INT_CONVERSION = YES;
				CLANG_WARN_NON_LITERAL_NULL_CONVERSION = YES;
				CLANG_WARN_OBJC_IMPLICIT_RETAIN_SELF = YES;
				CLANG_WARN_OBJC_LITERAL_CONVERSION = YES;
				CLANG_WARN_OBJC_ROOT_CLASS = YES_ERROR;
				CLANG_WARN_RANGE_LOOP_ANALYSIS = YES;
				CLANG_WARN_STRICT_PROTOTYPES = YES;
				CLANG_WARN_SUSPICIOUS_MOVE = YES;
				CLANG_WARN_UNGUARDED_AVAILABILITY = YES_AGGRESSIVE;
				CLANG_WARN_UNREACHABLE_CODE = YES;
				CLANG_WARN__DUPLICATE_METHOD_MATCH = YES;
				CODE_SIGN_IDENTITY = "iPhone Developer";
				COPY_PHASE_STRIP = NO;
				DEBUG_INFORMATION_FORMAT = dwarf;
				ENABLE_STRICT_OBJC_MSGSEND = YES;
				ENABLE_TESTABILITY = YES;
				GCC_C_LANGUAGE_STANDARD = gnu11;
				GCC_DYNAMIC_NO_PIC = NO;
				GCC_NO_COMMON_BLOCKS = YES;
				GCC_OPTIMIZATION_LEVEL = 0;
				GCC_PREPROCESSOR_DEFINITIONS = (
					"DEBUG=1",
					"$(inherited)",
				);
				GCC_WARN_64_TO_32_BIT_CONVERSION = YES;
				GCC_WARN_ABOUT_RETURN_TYPE = YES_ERROR;
				GCC_WARN_UNDECLARED_SELECTOR = YES;
				GCC_WARN_UNINITIALIZED_AUTOS = YES_AGGRESSIVE;
				GCC_WARN_UNUSED_FUNCTION = YES;
				GCC_WARN_UNUSED_VARIABLE = YES;
				IPHONEOS_DEPLOYMENT_TARGET = 11.4;
				MTL_ENABLE_DEBUG_INFO = YES;
				ONLY_ACTIVE_ARCH = YES;
				SDKROOT = iphoneos;
				SWIFT_ACTIVE_COMPILATION_CONDITIONS = DEBUG;
				SWIFT_OPTIMIZATION_LEVEL = "-Onone";
			};
			name = Debug;
		};
		E9E8D2F0222EE6A100B8979B /* Release */ = {
			isa = XCBuildConfiguration;
			buildSettings = {
				ALWAYS_SEARCH_USER_PATHS = NO;
				CLANG_ANALYZER_NONNULL = YES;
				CLANG_ANALYZER_NUMBER_OBJECT_CONVERSION = YES_AGGRESSIVE;
				CLANG_CXX_LANGUAGE_STANDARD = "gnu++14";
				CLANG_CXX_LIBRARY = "libc++";
				CLANG_ENABLE_MODULES = YES;
				CLANG_ENABLE_OBJC_ARC = YES;
				CLANG_ENABLE_OBJC_WEAK = YES;
				CLANG_WARN_BLOCK_CAPTURE_AUTORELEASING = YES;
				CLANG_WARN_BOOL_CONVERSION = YES;
				CLANG_WARN_COMMA = YES;
				CLANG_WARN_CONSTANT_CONVERSION = YES;
				CLANG_WARN_DEPRECATED_OBJC_IMPLEMENTATIONS = YES;
				CLANG_WARN_DIRECT_OBJC_ISA_USAGE = YES_ERROR;
				CLANG_WARN_DOCUMENTATION_COMMENTS = YES;
				CLANG_WARN_EMPTY_BODY = YES;
				CLANG_WARN_ENUM_CONVERSION = YES;
				CLANG_WARN_INFINITE_RECURSION = YES;
				CLANG_WARN_INT_CONVERSION = YES;
				CLANG_WARN_NON_LITERAL_NULL_CONVERSION = YES;
				CLANG_WARN_OBJC_IMPLICIT_RETAIN_SELF = YES;
				CLANG_WARN_OBJC_LITERAL_CONVERSION = YES;
				CLANG_WARN_OBJC_ROOT_CLASS = YES_ERROR;
				CLANG_WARN_RANGE_LOOP_ANALYSIS = YES;
				CLANG_WARN_STRICT_PROTOTYPES = YES;
				CLANG_WARN_SUSPICIOUS_MOVE = YES;
				CLANG_WARN_UNGUARDED_AVAILABILITY = YES_AGGRESSIVE;
				CLANG_WARN_UNREACHABLE_CODE = YES;
				CLANG_WARN__DUPLICATE_METHOD_MATCH = YES;
				CODE_SIGN_IDENTITY = "iPhone Developer";
				COPY_PHASE_STRIP = NO;
				DEBUG_INFORMATION_FORMAT = "dwarf-with-dsym";
				ENABLE_NS_ASSERTIONS = NO;
				ENABLE_STRICT_OBJC_MSGSEND = YES;
				GCC_C_LANGUAGE_STANDARD = gnu11;
				GCC_NO_COMMON_BLOCKS = YES;
				GCC_WARN_64_TO_32_BIT_CONVERSION = YES;
				GCC_WARN_ABOUT_RETURN_TYPE = YES_ERROR;
				GCC_WARN_UNDECLARED_SELECTOR = YES;
				GCC_WARN_UNINITIALIZED_AUTOS = YES_AGGRESSIVE;
				GCC_WARN_UNUSED_FUNCTION = YES;
				GCC_WARN_UNUSED_VARIABLE = YES;
				IPHONEOS_DEPLOYMENT_TARGET = 11.4;
				MTL_ENABLE_DEBUG_INFO = NO;
				SDKROOT = iphoneos;
				SWIFT_COMPILATION_MODE = wholemodule;
				SWIFT_OPTIMIZATION_LEVEL = "-O";
				VALIDATE_PRODUCT = YES;
			};
			name = Release;
		};
		E9E8D2F2222EE6A100B8979B /* Debug */ = {
			isa = XCBuildConfiguration;
			baseConfigurationReference = 3A3C6D345A905AA92925FE30 /* Pods-MunchMaps.debug.xcconfig */;
			buildSettings = {
				ASSETCATALOG_COMPILER_APPICON_NAME = AppIcon;
				CODE_SIGN_STYLE = Automatic;
				DEVELOPMENT_TEAM = RF8WDUR5RE;
				INFOPLIST_FILE = MunchMaps/Info.plist;
				IPHONEOS_DEPLOYMENT_TARGET = 10.3;
				LD_RUNPATH_SEARCH_PATHS = (
					"$(inherited)",
					"@executable_path/Frameworks",
				);
				PRODUCT_BUNDLE_IDENTIFIER = Varun.MunchMaps;
				PRODUCT_NAME = "$(TARGET_NAME)";
				SWIFT_VERSION = 4.2;
				TARGETED_DEVICE_FAMILY = 1;
			};
			name = Debug;
		};
		E9E8D2F3222EE6A100B8979B /* Release */ = {
			isa = XCBuildConfiguration;
			baseConfigurationReference = 9C12B3B1E3900C7835E173C9 /* Pods-MunchMaps.release.xcconfig */;
			buildSettings = {
				ASSETCATALOG_COMPILER_APPICON_NAME = AppIcon;
				CODE_SIGN_STYLE = Automatic;
				DEVELOPMENT_TEAM = RF8WDUR5RE;
				INFOPLIST_FILE = MunchMaps/Info.plist;
				IPHONEOS_DEPLOYMENT_TARGET = 10.3;
				LD_RUNPATH_SEARCH_PATHS = (
					"$(inherited)",
					"@executable_path/Frameworks",
				);
				PRODUCT_BUNDLE_IDENTIFIER = Varun.MunchMaps;
				PRODUCT_NAME = "$(TARGET_NAME)";
				SWIFT_VERSION = 4.2;
				TARGETED_DEVICE_FAMILY = 1;
			};
			name = Release;
		};
		E9E8D2F5222EE6A100B8979B /* Debug */ = {
			isa = XCBuildConfiguration;
			buildSettings = {
				ALWAYS_EMBED_SWIFT_STANDARD_LIBRARIES = YES;
				BUNDLE_LOADER = "$(TEST_HOST)";
				CODE_SIGN_STYLE = Automatic;
				DEVELOPMENT_TEAM = RF8WDUR5RE;
				INFOPLIST_FILE = MunchMapsTests/Info.plist;
				LD_RUNPATH_SEARCH_PATHS = (
					"$(inherited)",
					"@executable_path/Frameworks",
					"@loader_path/Frameworks",
				);
				PRODUCT_BUNDLE_IDENTIFIER = Varun.MunchMapsTests;
				PRODUCT_NAME = "$(TARGET_NAME)";
				SWIFT_VERSION = 4.2;
				TARGETED_DEVICE_FAMILY = "1,2";
				TEST_HOST = "$(BUILT_PRODUCTS_DIR)/MunchMaps.app/MunchMaps";
			};
			name = Debug;
		};
		E9E8D2F6222EE6A100B8979B /* Release */ = {
			isa = XCBuildConfiguration;
			buildSettings = {
				ALWAYS_EMBED_SWIFT_STANDARD_LIBRARIES = YES;
				BUNDLE_LOADER = "$(TEST_HOST)";
				CODE_SIGN_STYLE = Automatic;
				DEVELOPMENT_TEAM = RF8WDUR5RE;
				INFOPLIST_FILE = MunchMapsTests/Info.plist;
				LD_RUNPATH_SEARCH_PATHS = (
					"$(inherited)",
					"@executable_path/Frameworks",
					"@loader_path/Frameworks",
				);
				PRODUCT_BUNDLE_IDENTIFIER = Varun.MunchMapsTests;
				PRODUCT_NAME = "$(TARGET_NAME)";
				SWIFT_VERSION = 4.2;
				TARGETED_DEVICE_FAMILY = "1,2";
				TEST_HOST = "$(BUILT_PRODUCTS_DIR)/MunchMaps.app/MunchMaps";
			};
			name = Release;
		};
		E9E8D2F8222EE6A100B8979B /* Debug */ = {
			isa = XCBuildConfiguration;
			baseConfigurationReference = AA833DBAEDE531B88F54533D /* Pods-MunchMapsUITests.debug.xcconfig */;
			buildSettings = {
				ALWAYS_EMBED_SWIFT_STANDARD_LIBRARIES = YES;
				CODE_SIGN_STYLE = Automatic;
				DEVELOPMENT_TEAM = RF8WDUR5RE;
				INFOPLIST_FILE = MunchMapsUITests/Info.plist;
				LD_RUNPATH_SEARCH_PATHS = (
					"$(inherited)",
					"@executable_path/Frameworks",
					"@loader_path/Frameworks",
				);
				PRODUCT_BUNDLE_IDENTIFIER = Varun.MunchMapsUITests;
				PRODUCT_NAME = "$(TARGET_NAME)";
				SWIFT_VERSION = 4.2;
				TARGETED_DEVICE_FAMILY = "1,2";
				TEST_TARGET_NAME = MunchMaps;
			};
			name = Debug;
		};
		E9E8D2F9222EE6A100B8979B /* Release */ = {
			isa = XCBuildConfiguration;
			baseConfigurationReference = 77D9F285F23139747C0FE0CB /* Pods-MunchMapsUITests.release.xcconfig */;
			buildSettings = {
				ALWAYS_EMBED_SWIFT_STANDARD_LIBRARIES = YES;
				CODE_SIGN_STYLE = Automatic;
				DEVELOPMENT_TEAM = RF8WDUR5RE;
				INFOPLIST_FILE = MunchMapsUITests/Info.plist;
				LD_RUNPATH_SEARCH_PATHS = (
					"$(inherited)",
					"@executable_path/Frameworks",
					"@loader_path/Frameworks",
				);
				PRODUCT_BUNDLE_IDENTIFIER = Varun.MunchMapsUITests;
				PRODUCT_NAME = "$(TARGET_NAME)";
				SWIFT_VERSION = 4.2;
				TARGETED_DEVICE_FAMILY = "1,2";
				TEST_TARGET_NAME = MunchMaps;
			};
			name = Release;
		};
/* End XCBuildConfiguration section */

/* Begin XCConfigurationList section */
		E9E8D2C4222EE69E00B8979B /* Build configuration list for PBXProject "MunchMaps" */ = {
			isa = XCConfigurationList;
			buildConfigurations = (
				E9E8D2EF222EE6A100B8979B /* Debug */,
				E9E8D2F0222EE6A100B8979B /* Release */,
			);
			defaultConfigurationIsVisible = 0;
			defaultConfigurationName = Release;
		};
		E9E8D2F1222EE6A100B8979B /* Build configuration list for PBXNativeTarget "MunchMaps" */ = {
			isa = XCConfigurationList;
			buildConfigurations = (
				E9E8D2F2222EE6A100B8979B /* Debug */,
				E9E8D2F3222EE6A100B8979B /* Release */,
			);
			defaultConfigurationIsVisible = 0;
			defaultConfigurationName = Release;
		};
		E9E8D2F4222EE6A100B8979B /* Build configuration list for PBXNativeTarget "MunchMapsTests" */ = {
			isa = XCConfigurationList;
			buildConfigurations = (
				E9E8D2F5222EE6A100B8979B /* Debug */,
				E9E8D2F6222EE6A100B8979B /* Release */,
			);
			defaultConfigurationIsVisible = 0;
			defaultConfigurationName = Release;
		};
		E9E8D2F7222EE6A100B8979B /* Build configuration list for PBXNativeTarget "MunchMapsUITests" */ = {
			isa = XCConfigurationList;
			buildConfigurations = (
				E9E8D2F8222EE6A100B8979B /* Debug */,
				E9E8D2F9222EE6A100B8979B /* Release */,
			);
			defaultConfigurationIsVisible = 0;
			defaultConfigurationName = Release;
		};
/* End XCConfigurationList section */
	};
	rootObject = E9E8D2C1222EE69E00B8979B /* Project object */;
}
